
Microsoft Visual Studio Solution File, Format Version 12.00
Project("{2150E333-8FDC-42A3-9474-1A3956D46DE8}") = "Services", "Services", "{CA32CE41-283A-4157-A7ED-5FACC74BA2C3}"
EndProject
Project("{2150E333-8FDC-42A3-9474-1A3956D46DE8}") = "Domain", "Domain", "{FF8733EB-51F3-4612-A9FC-62BBCA9FD6E7}"
EndProject
Project("{2150E333-8FDC-42A3-9474-1A3956D46DE8}") = "Infra.IoC", "Infra.IoC", "{15CD15B4-7F27-44A9-9187-5BBF3E5BA9A0}"
EndProject
Project("{2150E333-8FDC-42A3-9474-1A3956D46DE8}") = "Infra.Bus", "Infra.Bus", "{7A150DCA-5AFC-43A7-BC18-67F28C168C0A}"
EndProject
Project("{2150E333-8FDC-42A3-9474-1A3956D46DE8}") = "Presentation", "Presentation", "{E650D697-E7EC-4D05-9154-88B15372E697}"
EndProject
Project("{FAE04EC0-301F-11D3-BF4B-00C04F79EFBC}") = "MicroRabbit.Domain.Core", "MicroRabbit.Domain.Core\MicroRabbit.Domain.Core.csproj", "{5952D898-3262-4923-97F1-BDCEB8A4361A}"
EndProject
Project("{FAE04EC0-301F-11D3-BF4B-00C04F79EFBC}") = "MicroRabbit.Infra.Bus", "MicroRabbit.Infra.Bus\MicroRabbit.Infra.Bus.csproj", "{BB761EBA-51B5-40F4-8AB3-A8E8659576F9}"
EndProject
Project("{2150E333-8FDC-42A3-9474-1A3956D46DE8}") = "Solution Items", "Solution Items", "{D1B2536D-7F90-4D98-BB97-C7DD9ED861B3}"
	ProjectSection(SolutionItems) = preProject
		docker-compose.yml = docker-compose.yml
	EndProjectSection
EndProject
Project("{FAE04EC0-301F-11D3-BF4B-00C04F79EFBC}") = "MicroRabbit.Infra.IoC", "MicroRabbit.Infra.IoC\MicroRabbit.Infra.IoC.csproj", "{2FEFD55F-B608-4AC9-A12B-6928A5628EBA}"
EndProject
Project("{2150E333-8FDC-42A3-9474-1A3956D46DE8}") = "Banking", "Banking", "{60BFCF95-39E8-465B-9ED2-4836B8B05257}"
EndProject
Project("{2150E333-8FDC-42A3-9474-1A3956D46DE8}") = "Api", "Api", "{861EFD73-151F-4E33-AC6F-87737BFC6739}"
EndProject
Project("{2150E333-8FDC-42A3-9474-1A3956D46DE8}") = "Application", "Application", "{A94F1F0B-E875-4DCC-8822-DDB7EBF6F13D}"
EndProject
Project("{2150E333-8FDC-42A3-9474-1A3956D46DE8}") = "Data", "Data", "{D971DB5D-C4FC-4AEA-A3FD-4D1BF5AD4680}"
EndProject
Project("{2150E333-8FDC-42A3-9474-1A3956D46DE8}") = "Domain", "Domain", "{48709DC1-AB52-4F19-8945-7F51AFEFAE62}"
EndProject
Project("{FAE04EC0-301F-11D3-BF4B-00C04F79EFBC}") = "MicroRabbit.Banking.Api", "MicroRabbit.Banking.Api\MicroRabbit.Banking.Api.csproj", "{66CEF8FB-1C0A-4301-9C33-92D4BFFD7F66}"
EndProject
Project("{FAE04EC0-301F-11D3-BF4B-00C04F79EFBC}") = "MicroRabbit.Banking.Application", "MicroRabbit.Banking.Application\MicroRabbit.Banking.Application.csproj", "{D6F9C630-460E-4202-86D5-4B4ADA746949}"
EndProject
Project("{FAE04EC0-301F-11D3-BF4B-00C04F79EFBC}") = "MicroRabbit.Banking.Data", "MicroRabbit.Banking.Data\MicroRabbit.Banking.Data.csproj", "{745450C4-C483-4F29-B8C0-6DC6927F174C}"
EndProject
Project("{FAE04EC0-301F-11D3-BF4B-00C04F79EFBC}") = "MicroRabbit.Banking.Domain", "MicroRabbit.Banking.Domain\MicroRabbit.Banking.Domain.csproj", "{71C3E419-7758-4E09-9F12-3738F9EDC1E5}"
EndProject
Global
	GlobalSection(SolutionConfigurationPlatforms) = preSolution
		Debug|Any CPU = Debug|Any CPU
		Release|Any CPU = Release|Any CPU
	EndGlobalSection
	GlobalSection(NestedProjects) = preSolution
		{5952D898-3262-4923-97F1-BDCEB8A4361A} = {FF8733EB-51F3-4612-A9FC-62BBCA9FD6E7}
		{BB761EBA-51B5-40F4-8AB3-A8E8659576F9} = {7A150DCA-5AFC-43A7-BC18-67F28C168C0A}
		{2FEFD55F-B608-4AC9-A12B-6928A5628EBA} = {15CD15B4-7F27-44A9-9187-5BBF3E5BA9A0}
		{60BFCF95-39E8-465B-9ED2-4836B8B05257} = {CA32CE41-283A-4157-A7ED-5FACC74BA2C3}
		{861EFD73-151F-4E33-AC6F-87737BFC6739} = {60BFCF95-39E8-465B-9ED2-4836B8B05257}
		{A94F1F0B-E875-4DCC-8822-DDB7EBF6F13D} = {60BFCF95-39E8-465B-9ED2-4836B8B05257}
		{D971DB5D-C4FC-4AEA-A3FD-4D1BF5AD4680} = {60BFCF95-39E8-465B-9ED2-4836B8B05257}
		{48709DC1-AB52-4F19-8945-7F51AFEFAE62} = {60BFCF95-39E8-465B-9ED2-4836B8B05257}
		{66CEF8FB-1C0A-4301-9C33-92D4BFFD7F66} = {861EFD73-151F-4E33-AC6F-87737BFC6739}
		{D6F9C630-460E-4202-86D5-4B4ADA746949} = {A94F1F0B-E875-4DCC-8822-DDB7EBF6F13D}
		{745450C4-C483-4F29-B8C0-6DC6927F174C} = {D971DB5D-C4FC-4AEA-A3FD-4D1BF5AD4680}
		{71C3E419-7758-4E09-9F12-3738F9EDC1E5} = {48709DC1-AB52-4F19-8945-7F51AFEFAE62}
	EndGlobalSection
	GlobalSection(ProjectConfigurationPlatforms) = postSolution
		{5952D898-3262-4923-97F1-BDCEB8A4361A}.Debug|Any CPU.ActiveCfg = Debug|Any CPU
		{5952D898-3262-4923-97F1-BDCEB8A4361A}.Debug|Any CPU.Build.0 = Debug|Any CPU
		{5952D898-3262-4923-97F1-BDCEB8A4361A}.Release|Any CPU.ActiveCfg = Release|Any CPU
		{5952D898-3262-4923-97F1-BDCEB8A4361A}.Release|Any CPU.Build.0 = Release|Any CPU
		{BB761EBA-51B5-40F4-8AB3-A8E8659576F9}.Debug|Any CPU.ActiveCfg = Debug|Any CPU
		{BB761EBA-51B5-40F4-8AB3-A8E8659576F9}.Debug|Any CPU.Build.0 = Debug|Any CPU
		{BB761EBA-51B5-40F4-8AB3-A8E8659576F9}.Release|Any CPU.ActiveCfg = Release|Any CPU
		{BB761EBA-51B5-40F4-8AB3-A8E8659576F9}.Release|Any CPU.Build.0 = Release|Any CPU
		{2FEFD55F-B608-4AC9-A12B-6928A5628EBA}.Debug|Any CPU.ActiveCfg = Debug|Any CPU
		{2FEFD55F-B608-4AC9-A12B-6928A5628EBA}.Debug|Any CPU.Build.0 = Debug|Any CPU
		{2FEFD55F-B608-4AC9-A12B-6928A5628EBA}.Release|Any CPU.ActiveCfg = Release|Any CPU
		{2FEFD55F-B608-4AC9-A12B-6928A5628EBA}.Release|Any CPU.Build.0 = Release|Any CPU
		{66CEF8FB-1C0A-4301-9C33-92D4BFFD7F66}.Debug|Any CPU.ActiveCfg = Debug|Any CPU
		{66CEF8FB-1C0A-4301-9C33-92D4BFFD7F66}.Debug|Any CPU.Build.0 = Debug|Any CPU
		{66CEF8FB-1C0A-4301-9C33-92D4BFFD7F66}.Release|Any CPU.ActiveCfg = Release|Any CPU
		{66CEF8FB-1C0A-4301-9C33-92D4BFFD7F66}.Release|Any CPU.Build.0 = Release|Any CPU
		{D6F9C630-460E-4202-86D5-4B4ADA746949}.Debug|Any CPU.ActiveCfg = Debug|Any CPU
		{D6F9C630-460E-4202-86D5-4B4ADA746949}.Debug|Any CPU.Build.0 = Debug|Any CPU
		{D6F9C630-460E-4202-86D5-4B4ADA746949}.Release|Any CPU.ActiveCfg = Release|Any CPU
		{D6F9C630-460E-4202-86D5-4B4ADA746949}.Release|Any CPU.Build.0 = Release|Any CPU
		{745450C4-C483-4F29-B8C0-6DC6927F174C}.Debug|Any CPU.ActiveCfg = Debug|Any CPU
		{745450C4-C483-4F29-B8C0-6DC6927F174C}.Debug|Any CPU.Build.0 = Debug|Any CPU
		{745450C4-C483-4F29-B8C0-6DC6927F174C}.Release|Any CPU.ActiveCfg = Release|Any CPU
		{745450C4-C483-4F29-B8C0-6DC6927F174C}.Release|Any CPU.Build.0 = Release|Any CPU
		{71C3E419-7758-4E09-9F12-3738F9EDC1E5}.Debug|Any CPU.ActiveCfg = Debug|Any CPU
		{71C3E419-7758-4E09-9F12-3738F9EDC1E5}.Debug|Any CPU.Build.0 = Debug|Any CPU
		{71C3E419-7758-4E09-9F12-3738F9EDC1E5}.Release|Any CPU.ActiveCfg = Release|Any CPU
		{71C3E419-7758-4E09-9F12-3738F9EDC1E5}.Release|Any CPU.Build.0 = Release|Any CPU
	EndGlobalSection
EndGlobal
